{
  "nodes": {
    "fenix": {
      "inputs": {
        "nixpkgs": [
          "nixpkgs"
        ],
        "rust-analyzer-src": "rust-analyzer-src"
      },
      "locked": {
        "lastModified": 1740378829,
        "narHash": "sha256-cwmm7F73aQFJY6YN1roNibNKwxT6FlfXkG3MEbpSp7Q=",
        "owner": "nix-community",
        "repo": "fenix",
        "rev": "92823f1b0c919d7e2d806956aaf98e90f3761ab7",
        "type": "github"
      },
      "original": {
        "owner": "nix-community",
        "repo": "fenix",
        "type": "github"
      }
    },
    "flake-utils": {
      "inputs": {
        "systems": "systems"
      },
      "locked": {
        "lastModified": 1731533236,
        "narHash": "sha256-l0KFg5HjrsfsO/JpG+r7fRrqm12kzFHyUHqHCVpMMbI=",
        "owner": "numtide",
        "repo": "flake-utils",
        "rev": "11707dc2f618dd54ca8739b309ec4fc024de578b",
        "type": "github"
      },
      "original": {
        "owner": "numtide",
        "repo": "flake-utils",
        "type": "github"
      }
    },
    "flake-utils_2": {
      "locked": {
        "lastModified": 1644229661,
        "narHash": "sha256-1YdnJAsNy69bpcjuoKdOYQX0YxZBiCYZo4Twxerqv7k=",
        "owner": "numtide",
        "repo": "flake-utils",
        "rev": "3cecb5b042f7f209c56ffd8371b2711a290ec797",
        "type": "github"
      },
      "original": {
        "owner": "numtide",
        "repo": "flake-utils",
        "type": "github"
      }
    },
    "foundry": {
      "inputs": {
        "flake-utils": "flake-utils_2",
        "nixpkgs": "nixpkgs"
      },
      "locked": {
        "lastModified": 1738660302,
        "narHash": "sha256-aLWyhJx2cO/M3/QLoDBpsObFfjC9e/VEN6HtaI0U6IA=",
        "owner": "shazow",
        "repo": "foundry.nix",
        "rev": "33a209625b9e31227a5f11417e95a3ac7264d811",
        "type": "github"
      },
      "original": {
        "owner": "shazow",
        "ref": "monthly",
        "repo": "foundry.nix",
        "type": "github"
      }
    },
    "mkshell-util": {
      "locked": {
        "lastModified": 1740069870,
        "narHash": "sha256-hO4lmUPE80gi22FJfJcqBX3B+Sy+cUikLgOUpvWKh80=",
        "owner": "insipx",
        "repo": "mkShell-util.nix",
        "rev": "740bd88b2e664854c9cdcde37cd98874349364c8",
        "type": "github"
      },
      "original": {
        "owner": "insipx",
        "repo": "mkShell-util.nix",
        "type": "github"
      }
    },
    "nixpkgs": {
      "locked": {
        "lastModified": 1666753130,
        "narHash": "sha256-Wff1dGPFSneXJLI2c0kkdWTgxnQ416KE6X4KnFkgPYQ=",
        "owner": "NixOS",
        "repo": "nixpkgs",
        "rev": "f540aeda6f677354f1e7144ab04352f61aaa0118",
        "type": "github"
      },
      "original": {
        "id": "nixpkgs",
        "type": "indirect"
      }
    },
    "nixpkgs_2": {
      "locked": {
        "lastModified": 1740367490,
        "narHash": "sha256-WGaHVAjcrv+Cun7zPlI41SerRtfknGQap281+AakSAw=",
        "owner": "NixOS",
        "repo": "nixpkgs",
        "rev": "0196c0175e9191c474c26ab5548db27ef5d34b05",
        "type": "github"
      },
      "original": {
        "owner": "NixOS",
        "ref": "nixos-unstable",
        "repo": "nixpkgs",
        "type": "github"
      }
    },
    "root": {
      "inputs": {
        "fenix": "fenix",
        "flake-utils": "flake-utils",
        "foundry": "foundry",
        "mkshell-util": "mkshell-util",
        "nixpkgs": "nixpkgs_2",
        "solc": "solc"
      }
    },
    "rust-analyzer-src": {
      "flake": false,
      "locked": {
        "lastModified": 1740329432,
        "narHash": "sha256-eKQ7aBkNvF5AhUpyJ1cW450jxomZ4gTIaYir5qsNl7Y=",
        "owner": "rust-lang",
        "repo": "rust-analyzer",
        "rev": "6d68c475c7aaf7534251182662456a4bf4216dfe",
        "type": "github"
      },
      "original": {
        "owner": "rust-lang",
        "ref": "nightly",
        "repo": "rust-analyzer",
        "type": "github"
      }
    },
    "solc": {
      "inputs": {
        "flake-utils": [
          "flake-utils"
        ],
        "nixpkgs": [
          "nixpkgs"
        ],
        "solc-macos-amd64-list-json": "solc-macos-amd64-list-json"
      },
      "locked": {
        "lastModified": 1731758759,
        "narHash": "sha256-NX4+V6Q8bwopah0oza/Dpf6UsYNGbokW2kE9qT3wdHY=",
        "owner": "hellwolf",
        "repo": "solc.nix",
        "rev": "0714c24cd521b9eb3ee435818c5d743ac6179176",
        "type": "github"
      },
      "original": {
        "owner": "hellwolf",
        "repo": "solc.nix",
        "type": "github"
      }
    },
    "solc-macos-amd64-list-json": {
      "flake": false,
      "locked": {
        "narHash": "sha256-KBEEpcDeKtVvCeguRP0D499yg9O5Jef9Nxn3yfrmw9g=",
        "type": "file",
        "url": "https://github.com/ethereum/solc-bin/raw/67f45d8/macosx-amd64/list.json"
      },
      "original": {
        "type": "file",
        "url": "https://github.com/ethereum/solc-bin/raw/67f45d8/macosx-amd64/list.json"
      }
    },
    "systems": {
      "locked": {
        "lastModified": 1681028828,
        "narHash": "sha256-Vy1rq5AaRuLzOxct8nz4T6wlgyUR7zLU309k9mBC768=",
        "owner": "nix-systems",
        "repo": "default",
        "rev": "da67096a3b9bf56a91d16901293e51ba5b49a27e",
        "type": "github"
      },
      "original": {
        "owner": "nix-systems",
        "repo": "default",
        "type": "github"
      }
    }
  },
  "root": "root",
  "version": 7
}
